{
    "name": "smart-ps4",
    "version": "0.0.1",
    "lockfileVersion": 2,
    "requires": true,
    "packages": {
        "": {
            "name": "smart-ps4",
            "version": "0.0.1",
            "dependencies": {
                "ps4-waker": "^1.10.1"
            }
        },
        "node_modules/@babel/polyfill": {
            "version": "7.12.1",
            "resolved": "https://registry.npmjs.org/@babel/polyfill/-/polyfill-7.12.1.tgz",
            "integrity": "sha512-X0pi0V6gxLi6lFZpGmeNa4zxtwEmCs42isWLNjZZDE0Y8yVfgu0T2OAHlzBbdYlqbW/YXVvoBHpATEM+goCj8g==",
            "deprecated": "🚨 This package has been deprecated in favor of separate inclusion of a polyfill and regenerator-runtime (when needed). See the @babel/polyfill docs (https://babeljs.io/docs/en/babel-polyfill) for more information.",
            "dependencies": {
                "core-js": "^2.6.5",
                "regenerator-runtime": "^0.13.4"
            }
        },
        "node_modules/@babel/polyfill/node_modules/core-js": {
            "version": "2.6.12",
            "resolved": "https://registry.npmjs.org/core-js/-/core-js-2.6.12.tgz",
            "integrity": "sha512-Kb2wC0fvsWfQrgk8HU5lW6U/Lcs8+9aaYcy4ZFc6DDlo4nZ7n70dEgE5rtR0oG6ufKDUnrwfWL1mXR5ljDatrQ==",
            "deprecated": "core-js@<3.23.3 is no longer maintained and not recommended for usage due to the number of issues. Because of the V8 engine whims, feature detection in old core-js versions could cause a slowdown up to 100x even if nothing is polyfilled. Some versions have web compatibility issues. Please, upgrade your dependencies to the actual version of core-js.",
            "hasInstallScript": true
        },
        "node_modules/asn1": {
            "version": "0.2.3",
            "resolved": "https://registry.npmjs.org/asn1/-/asn1-0.2.3.tgz",
            "integrity": "sha512-6i37w/+EhlWlGUJff3T/Q8u1RGmP5wgbiwYnOnbOqvtrPxT63/sYFyP9RcpxtxGymtfA075IvmOnL7ycNOWl3w=="
        },
        "node_modules/core-js": {
            "version": "3.30.2",
            "resolved": "https://registry.npmjs.org/core-js/-/core-js-3.30.2.tgz",
            "integrity": "sha512-uBJiDmwqsbJCWHAwjrx3cvjbMXP7xD72Dmsn5LOJpiRmE3WbBbN5rCqQ2Qh6Ek6/eOrjlWngEynBWo4VxerQhg==",
            "hasInstallScript": true,
            "funding": {
                "type": "opencollective",
                "url": "https://opencollective.com/core-js"
            }
        },
        "node_modules/debug": {
            "version": "4.3.4",
            "resolved": "https://registry.npmjs.org/debug/-/debug-4.3.4.tgz",
            "integrity": "sha512-PRWFHuSU3eDtQJPvnNY7Jcket1j0t5OuOsFzPPzsekD52Zl8qUfFIPEiswXqIvHWGVHOgX+7G/vCNNhehwxfkQ==",
            "dependencies": {
                "ms": "2.1.2"
            },
            "engines": {
                "node": ">=6.0"
            },
            "peerDependenciesMeta": {
                "supports-color": {
                    "optional": true
                }
            }
        },
        "node_modules/minimist": {
            "version": "1.2.8",
            "resolved": "https://registry.npmjs.org/minimist/-/minimist-1.2.8.tgz",
            "integrity": "sha512-2yyAR8qBkN3YuheJanUpWC5U3bb5osDywNB8RzDVlDwDHbocAJveqqj1u8+SVD7jkWT4yvsHCpWqqWqAxb0zCA==",
            "funding": {
                "url": "https://github.com/sponsors/ljharb"
            }
        },
        "node_modules/ms": {
            "version": "2.1.2",
            "resolved": "https://registry.npmjs.org/ms/-/ms-2.1.2.tgz",
            "integrity": "sha512-sGkPx+VjMtmA6MX27oA4FBFELFCZZ4S4XqeGOXCv68tT+jb3vk/RyaKWP0PTKyWtmLSM0b+adUTEvbs1PEaH2w=="
        },
        "node_modules/node-rsa": {
            "version": "0.4.2",
            "resolved": "https://registry.npmjs.org/node-rsa/-/node-rsa-0.4.2.tgz",
            "integrity": "sha512-Bvso6Zi9LY4otIZefYrscsUpo2mUpiAVIEmSZV2q41sP8tHZoert3Yu6zv4f/RXJqMNZQKCtnhDugIuCma23YA==",
            "dependencies": {
                "asn1": "0.2.3"
            }
        },
        "node_modules/ps4-waker": {
            "version": "1.10.1",
            "resolved": "https://registry.npmjs.org/ps4-waker/-/ps4-waker-1.10.1.tgz",
            "integrity": "sha512-SZqUACKEOGQ6MQ51G8tHXlRgOVm5uDbeZtPK0MVOxSo6tRwm4aiY91TVxjz4cu3xB97ptaJAfd+7zL+Ng5ob6Q==",
            "dependencies": {
                "@babel/polyfill": "^7.10.4",
                "core-js": "^3.6.5",
                "debug": "^4.1.1",
                "minimist": "^1.2.5",
                "node-rsa": "^0.4.2"
            },
            "bin": {
                "ps4-waker": "dist/cli.js"
            },
            "engines": {
                "node": ">=6",
                "npm": ">=3"
            }
        },
        "node_modules/regenerator-runtime": {
            "version": "0.13.11",
            "resolved": "https://registry.npmjs.org/regenerator-runtime/-/regenerator-runtime-0.13.11.tgz",
            "integrity": "sha512-kY1AZVr2Ra+t+piVaJ4gxaFaReZVH40AKNo7UCX6W+dEwBo/2oZJzqfuN1qLq1oL45o56cPaTXELwrTh8Fpggg=="
        }
    },
    "dependencies": {
        "@babel/polyfill": {
            "version": "7.12.1",
            "resolved": "https://registry.npmjs.org/@babel/polyfill/-/polyfill-7.12.1.tgz",
            "integrity": "sha512-X0pi0V6gxLi6lFZpGmeNa4zxtwEmCs42isWLNjZZDE0Y8yVfgu0T2OAHlzBbdYlqbW/YXVvoBHpATEM+goCj8g==",
            "requires": {
                "core-js": "^2.6.5",
                "regenerator-runtime": "^0.13.4"
            },
            "dependencies": {
                "core-js": {
                    "version": "2.6.12",
                    "resolved": "https://registry.npmjs.org/core-js/-/core-js-2.6.12.tgz",
                    "integrity": "sha512-Kb2wC0fvsWfQrgk8HU5lW6U/Lcs8+9aaYcy4ZFc6DDlo4nZ7n70dEgE5rtR0oG6ufKDUnrwfWL1mXR5ljDatrQ=="
                }
            }
        },
        "asn1": {
            "version": "0.2.3",
            "resolved": "https://registry.npmjs.org/asn1/-/asn1-0.2.3.tgz",
            "integrity": "sha512-6i37w/+EhlWlGUJff3T/Q8u1RGmP5wgbiwYnOnbOqvtrPxT63/sYFyP9RcpxtxGymtfA075IvmOnL7ycNOWl3w=="
        },
        "core-js": {
            "version": "3.30.2",
            "resolved": "https://registry.npmjs.org/core-js/-/core-js-3.30.2.tgz",
            "integrity": "sha512-uBJiDmwqsbJCWHAwjrx3cvjbMXP7xD72Dmsn5LOJpiRmE3WbBbN5rCqQ2Qh6Ek6/eOrjlWngEynBWo4VxerQhg=="
        },
        "debug": {
            "version": "4.3.4",
            "resolved": "https://registry.npmjs.org/debug/-/debug-4.3.4.tgz",
            "integrity": "sha512-PRWFHuSU3eDtQJPvnNY7Jcket1j0t5OuOsFzPPzsekD52Zl8qUfFIPEiswXqIvHWGVHOgX+7G/vCNNhehwxfkQ==",
            "requires": {
                "ms": "2.1.2"
            }
        },
        "minimist": {
            "version": "1.2.8",
            "resolved": "https://registry.npmjs.org/minimist/-/minimist-1.2.8.tgz",
            "integrity": "sha512-2yyAR8qBkN3YuheJanUpWC5U3bb5osDywNB8RzDVlDwDHbocAJveqqj1u8+SVD7jkWT4yvsHCpWqqWqAxb0zCA=="
        },
        "ms": {
            "version": "2.1.2",
            "resolved": "https://registry.npmjs.org/ms/-/ms-2.1.2.tgz",
            "integrity": "sha512-sGkPx+VjMtmA6MX27oA4FBFELFCZZ4S4XqeGOXCv68tT+jb3vk/RyaKWP0PTKyWtmLSM0b+adUTEvbs1PEaH2w=="
        },
        "node-rsa": {
            "version": "0.4.2",
            "resolved": "https://registry.npmjs.org/node-rsa/-/node-rsa-0.4.2.tgz",
            "integrity": "sha512-Bvso6Zi9LY4otIZefYrscsUpo2mUpiAVIEmSZV2q41sP8tHZoert3Yu6zv4f/RXJqMNZQKCtnhDugIuCma23YA==",
            "requires": {
                "asn1": "0.2.3"
            }
        },
        "ps4-waker": {
            "version": "1.10.1",
            "resolved": "https://registry.npmjs.org/ps4-waker/-/ps4-waker-1.10.1.tgz",
            "integrity": "sha512-SZqUACKEOGQ6MQ51G8tHXlRgOVm5uDbeZtPK0MVOxSo6tRwm4aiY91TVxjz4cu3xB97ptaJAfd+7zL+Ng5ob6Q==",
            "requires": {
                "@babel/polyfill": "^7.10.4",
                "core-js": "^3.6.5",
                "debug": "^4.1.1",
                "minimist": "^1.2.5",
                "node-rsa": "^0.4.2"
            }
        },
        "regenerator-runtime": {
            "version": "0.13.11",
            "resolved": "https://registry.npmjs.org/regenerator-runtime/-/regenerator-runtime-0.13.11.tgz",
            "integrity": "sha512-kY1AZVr2Ra+t+piVaJ4gxaFaReZVH40AKNo7UCX6W+dEwBo/2oZJzqfuN1qLq1oL45o56cPaTXELwrTh8Fpggg=="
        }
    }
}
